
Microsoft Visual Studio Solution File, Format Version 12.00
# Visual Studio Version 17
VisualStudioVersion = 17.11.35312.102
MinimumVisualStudioVersion = 10.0.40219.1
Project("{FAE04EC0-301F-11D3-BF4B-00C04F79EFBC}") = "01.OldBooks", "01.OldBooks\01.OldBooks.csproj", "{420DE2F8-BB95-42A5-89AE-F65B6253E268}"
EndProject
Project("{FAE04EC0-301F-11D3-BF4B-00C04F79EFBC}") = "02.ExamPreparation", "02.ExamPreparation\02.ExamPreparation.csproj", "{EB3D5E6D-160C-4C66-8762-39FBF9226072}"
EndProject
Project("{FAE04EC0-301F-11D3-BF4B-00C04F79EFBC}") = "03.Vacation", "03.Vacation\03.Vacation.csproj", "{D5C122D8-C232-484B-9E7D-CBBDA78455F7}"
EndProject
Project("{FAE04EC0-301F-11D3-BF4B-00C04F79EFBC}") = "04.Walking", "04.Walking\04.Walking.csproj", "{4DF860A6-62B3-40E7-90DB-4643E81E31A2}"
EndProject
Project("{FAE04EC0-301F-11D3-BF4B-00C04F79EFBC}") = "05.Coins", "05.Coins\05.Coins.csproj", "{017F50C5-89D7-4F30-9497-618B43E38C53}"
EndProject
Project("{FAE04EC0-301F-11D3-BF4B-00C04F79EFBC}") = "06.Cake", "06.Cake\06.Cake.csproj", "{6947A8FB-628D-4153-ADD6-738F4B7C4CD2}"
EndProject
Project("{FAE04EC0-301F-11D3-BF4B-00C04F79EFBC}") = "07.Moving", "07.Moving\07.Moving.csproj", "{54EDA9EB-3F6B-4A82-8FBB-4903DC802876}"
EndProject
Global
	GlobalSection(SolutionConfigurationPlatforms) = preSolution
		Debug|Any CPU = Debug|Any CPU
		Release|Any CPU = Release|Any CPU
	EndGlobalSection
	GlobalSection(ProjectConfigurationPlatforms) = postSolution
		{420DE2F8-BB95-42A5-89AE-F65B6253E268}.Debug|Any CPU.ActiveCfg = Debug|Any CPU
		{420DE2F8-BB95-42A5-89AE-F65B6253E268}.Debug|Any CPU.Build.0 = Debug|Any CPU
		{420DE2F8-BB95-42A5-89AE-F65B6253E268}.Release|Any CPU.ActiveCfg = Release|Any CPU
		{420DE2F8-BB95-42A5-89AE-F65B6253E268}.Release|Any CPU.Build.0 = Release|Any CPU
		{EB3D5E6D-160C-4C66-8762-39FBF9226072}.Debug|Any CPU.ActiveCfg = Debug|Any CPU
		{EB3D5E6D-160C-4C66-8762-39FBF9226072}.Debug|Any CPU.Build.0 = Debug|Any CPU
		{EB3D5E6D-160C-4C66-8762-39FBF9226072}.Release|Any CPU.ActiveCfg = Release|Any CPU
		{EB3D5E6D-160C-4C66-8762-39FBF9226072}.Release|Any CPU.Build.0 = Release|Any CPU
		{D5C122D8-C232-484B-9E7D-CBBDA78455F7}.Debug|Any CPU.ActiveCfg = Debug|Any CPU
		{D5C122D8-C232-484B-9E7D-CBBDA78455F7}.Debug|Any CPU.Build.0 = Debug|Any CPU
		{D5C122D8-C232-484B-9E7D-CBBDA78455F7}.Release|Any CPU.ActiveCfg = Release|Any CPU
		{D5C122D8-C232-484B-9E7D-CBBDA78455F7}.Release|Any CPU.Build.0 = Release|Any CPU
		{4DF860A6-62B3-40E7-90DB-4643E81E31A2}.Debug|Any CPU.ActiveCfg = Debug|Any CPU
		{4DF860A6-62B3-40E7-90DB-4643E81E31A2}.Debug|Any CPU.Build.0 = Debug|Any CPU
		{4DF860A6-62B3-40E7-90DB-4643E81E31A2}.Release|Any CPU.ActiveCfg = Release|Any CPU
		{4DF860A6-62B3-40E7-90DB-4643E81E31A2}.Release|Any CPU.Build.0 = Release|Any CPU
		{017F50C5-89D7-4F30-9497-618B43E38C53}.Debug|Any CPU.ActiveCfg = Debug|Any CPU
		{017F50C5-89D7-4F30-9497-618B43E38C53}.Debug|Any CPU.Build.0 = Debug|Any CPU
		{017F50C5-89D7-4F30-9497-618B43E38C53}.Release|Any CPU.ActiveCfg = Release|Any CPU
		{017F50C5-89D7-4F30-9497-618B43E38C53}.Release|Any CPU.Build.0 = Release|Any CPU
		{6947A8FB-628D-4153-ADD6-738F4B7C4CD2}.Debug|Any CPU.ActiveCfg = Debug|Any CPU
		{6947A8FB-628D-4153-ADD6-738F4B7C4CD2}.Debug|Any CPU.Build.0 = Debug|Any CPU
		{6947A8FB-628D-4153-ADD6-738F4B7C4CD2}.Release|Any CPU.ActiveCfg = Release|Any CPU
		{6947A8FB-628D-4153-ADD6-738F4B7C4CD2}.Release|Any CPU.Build.0 = Release|Any CPU
		{54EDA9EB-3F6B-4A82-8FBB-4903DC802876}.Debug|Any CPU.ActiveCfg = Debug|Any CPU
		{54EDA9EB-3F6B-4A82-8FBB-4903DC802876}.Debug|Any CPU.Build.0 = Debug|Any CPU
		{54EDA9EB-3F6B-4A82-8FBB-4903DC802876}.Release|Any CPU.ActiveCfg = Release|Any CPU
		{54EDA9EB-3F6B-4A82-8FBB-4903DC802876}.Release|Any CPU.Build.0 = Release|Any CPU
	EndGlobalSection
	GlobalSection(SolutionProperties) = preSolution
		HideSolutionNode = FALSE
	EndGlobalSection
	GlobalSection(ExtensibilityGlobals) = postSolution
		SolutionGuid = {278DCDF7-553D-4417-8A6D-27B429613072}
	EndGlobalSection
EndGlobal
